
Microsoft Visual Studio Solution File, Format Version 12.00
# Visual Studio Version 17
VisualStudioVersion = 17.4.33205.214
MinimumVisualStudioVersion = 10.0.40219.1
Project("{FAE04EC0-301F-11D3-BF4B-00C04F79EFBC}") = "Gymbuddy", "Gymbuddy\Gymbuddy.csproj", "{087E8C2F-274B-40E8-B791-7BCB988DD32C}"
EndProject
Global
	GlobalSection(SolutionConfigurationPlatforms) = preSolution
		Debug|Any CPU = Debug|Any CPU
		Release|Any CPU = Release|Any CPU
	EndGlobalSection
	GlobalSection(ProjectConfigurationPlatforms) = postSolution
		{087E8C2F-274B-40E8-B791-7BCB988DD32C}.Debug|Any CPU.ActiveCfg = Debug|Any CPU
		{087E8C2F-274B-40E8-B791-7BCB988DD32C}.Debug|Any CPU.Build.0 = Debug|Any CPU
		{087E8C2F-274B-40E8-B791-7BCB988DD32C}.Release|Any CPU.ActiveCfg = Release|Any CPU
		{087E8C2F-274B-40E8-B791-7BCB988DD32C}.Release|Any CPU.Build.0 = Release|Any CPU
	EndGlobalSection
	GlobalSection(SolutionProperties) = preSolution
		HideSolutionNode = FALSE
	EndGlobalSection
	GlobalSection(ExtensibilityGlobals) = postSolution
		SolutionGuid = {4F5DA0DC-1D59-4805-8841-78CEE9EF0B03}
	EndGlobalSection
EndGlobal
